{
  "version": 4,
  "terraform_version": "0.13.3",
  "serial": 834,
  "lineage": "25ac2c07-0f77-f156-93e8-ab60d20c0ba2",
  "outputs": {},
  "resources": [
    {
      "mode": "managed",
      "type": "aws_autoscaling_group",
      "name": "bar",
      "provider": "provider[\"registry.terraform.io/hashicorp/aws\"]",
      "instances": [
        {
          "schema_version": 0,
          "attributes": {
            "arn": "arn:aws:autoscaling:us-east-1:054642084504:autoScalingGroup:7099c482-6852-4baf-b3c4-fed33b0500e9:autoScalingGroupName/tf-asg-20210126053239319500000001",
            "availability_zones": [
              "us-east-1a",
              "us-east-1b",
              "us-east-1c"
            ],
            "capacity_rebalance": false,
            "default_cooldown": 300,
            "desired_capacity": 2,
            "enabled_metrics": [],
            "force_delete": false,
            "health_check_grace_period": 300,
            "health_check_type": "EC2",
            "id": "tf-asg-20210126053239319500000001",
            "initial_lifecycle_hook": [],
            "launch_configuration": "light-us-east-1-as_conf",
            "launch_template": [],
            "load_balancers": [],
            "max_instance_lifetime": 0,
            "max_size": 4,
            "metrics_granularity": "1Minute",
            "min_elb_capacity": null,
            "min_size": 1,
            "mixed_instances_policy": [],
            "name": "tf-asg-20210126053239319500000001",
            "name_prefix": null,
            "placement_group": "",
            "protect_from_scale_in": false,
            "service_linked_role_arn": "arn:aws:iam::054642084504:role/aws-service-role/autoscaling.amazonaws.com/AWSServiceRoleForAutoScaling",
            "suspended_processes": [],
            "tag": [],
            "tags": null,
            "target_group_arns": [],
            "termination_policies": [],
            "timeouts": null,
            "vpc_zone_identifier": [
              "subnet-08775a435de48855e",
              "subnet-0cb05db2d3a02b6d1",
              "subnet-0ecb74fe85db793f4"
            ],
            "wait_for_capacity_timeout": "10m",
            "wait_for_elb_capacity": null
          },
          "private": "eyJlMmJmYjczMC1lY2FhLTExZTYtOGY4OC0zNDM2M2JjN2M0YzAiOnsiZGVsZXRlIjo2MDAwMDAwMDAwMDB9fQ==",
          "dependencies": [
            "aws_launch_configuration.as_conf",
            "aws_subnet.private-1",
            "aws_subnet.private-2",
            "aws_subnet.private-3"
          ]
        }
      ]
    },
    {
      "mode": "managed",
      "type": "aws_ecs_capacity_provider",
      "name": "capacity-provider",
      "provider": "provider[\"registry.terraform.io/hashicorp/aws\"]",
      "instances": [
        {
          "schema_version": 0,
          "attributes": {
            "arn": "arn:aws:ecs:us-east-1:054642084504:capacity-provider/light-us-east-1-capacity-provider",
            "auto_scaling_group_provider": [
              {
                "auto_scaling_group_arn": "arn:aws:autoscaling:us-east-1:054642084504:autoScalingGroup:7099c482-6852-4baf-b3c4-fed33b0500e9:autoScalingGroupName/tf-asg-20210126053239319500000001",
                "managed_scaling": [
                  {
                    "maximum_scaling_step_size": 1,
                    "minimum_scaling_step_size": 1,
                    "status": "ENABLED",
                    "target_capacity": 1
                  }
                ],
                "managed_termination_protection": "DISABLED"
              }
            ],
            "id": "arn:aws:ecs:us-east-1:054642084504:capacity-provider/light-us-east-1-capacity-provider",
            "name": "light-us-east-1-capacity-provider",
            "tags": {
              "name": "light-us-east-1-capacity-provider"
            }
          },
          "private": "bnVsbA==",
          "dependencies": [
            "aws_autoscaling_group.bar"
          ]
        }
      ]
    },
    {
      "mode": "managed",
      "type": "aws_ecs_cluster",
      "name": "cluster",
      "provider": "provider[\"registry.terraform.io/hashicorp/aws\"]",
      "instances": [
        {
          "schema_version": 0,
          "attributes": {
            "arn": "arn:aws:ecs:us-east-1:054642084504:cluster/light-us-east-1-cluster",
            "capacity_providers": [
              "light-us-east-1-capacity-provider"
            ],
            "default_capacity_provider_strategy": [
              {
                "base": 0,
                "capacity_provider": "light-us-east-1-capacity-provider",
                "weight": 1
              }
            ],
            "id": "arn:aws:ecs:us-east-1:054642084504:cluster/light-us-east-1-cluster",
            "name": "light-us-east-1-cluster",
            "setting": [
              {
                "name": "containerInsights",
                "value": "disabled"
              }
            ],
            "tags": {
              "name": "light-us-east-1-cluster"
            }
          },
          "private": "bnVsbA==",
          "dependencies": [
            "aws_autoscaling_group.bar",
            "aws_ecs_capacity_provider.capacity-provider"
          ]
        }
      ]
    },
    {
      "mode": "managed",
      "type": "aws_ecs_task_definition",
      "name": "task-definition",
      "provider": "provider[\"registry.terraform.io/hashicorp/aws\"]",
      "instances": [
        {
          "schema_version": 1,
          "attributes": {
            "arn": "arn:aws:ecs:us-east-1:054642084504:task-definition/light-us-east-1-task-definition:1",
            "container_definitions": "[{\"cpu\":0,\"environment\":[],\"essential\":true,\"image\":\"054642084504.dkr.ecr.us-east-1.amazonaws.com/test:latest\",\"logConfiguration\":{\"logDriver\":\"awslogs\",\"options\":{\"awslogs-group\":\"MYLOGGROUP\",\"awslogs-region\":\"us-east-1\"}},\"memory\":756,\"mountPoints\":[],\"name\":\"sunrise\",\"portMappings\":[{\"containerPort\":3000,\"hostPort\":3000,\"protocol\":\"tcp\"}],\"volumesFrom\":[]}]",
            "cpu": "",
            "execution_role_arn": "arn:aws:iam::054642084504:role/light-us-east-1-task-execution-role",
            "family": "light-us-east-1-task-definition",
            "id": "light-us-east-1-task-definition",
            "inference_accelerator": [],
            "ipc_mode": "",
            "memory": "",
            "network_mode": "awsvpc",
            "pid_mode": "",
            "placement_constraints": [],
            "proxy_configuration": [],
            "requires_compatibilities": [],
            "revision": 1,
            "tags": {},
            "task_role_arn": "arn:aws:iam::054642084504:role/light-us-east-1-task-role",
            "volume": []
          },
          "private": "eyJzY2hlbWFfdmVyc2lvbiI6IjEifQ==",
          "dependencies": [
            "aws_iam_role.task-execution-role",
            "aws_iam_role.task-role"
          ]
        }
      ]
    },
    {
      "mode": "managed",
      "type": "aws_ecs_task_definition",
      "name": "task-definition2",
      "provider": "provider[\"registry.terraform.io/hashicorp/aws\"]",
      "instances": [
        {
          "schema_version": 1,
          "attributes": {
            "arn": "arn:aws:ecs:us-east-1:054642084504:task-definition/dark-us-east-1-task-definition2:1",
            "container_definitions": "[{\"cpu\":0,\"environment\":[],\"essential\":true,\"image\":\"054642084504.dkr.ecr.us-east-1.amazonaws.com/midnight:latest\",\"logConfiguration\":{\"logDriver\":\"awslogs\",\"options\":{\"awslogs-group\":\"MYLOGGROUP\",\"awslogs-region\":\"us-east-1\"}},\"memory\":756,\"mountPoints\":[],\"name\":\"midnight\",\"portMappings\":[{\"containerPort\":3000,\"hostPort\":3000,\"protocol\":\"tcp\"}],\"volumesFrom\":[]}]",
            "cpu": "",
            "execution_role_arn": "arn:aws:iam::054642084504:role/light-us-east-1-task-execution-role",
            "family": "dark-us-east-1-task-definition2",
            "id": "dark-us-east-1-task-definition2",
            "inference_accelerator": [],
            "ipc_mode": "",
            "memory": "",
            "network_mode": "awsvpc",
            "pid_mode": "",
            "placement_constraints": [],
            "proxy_configuration": [],
            "requires_compatibilities": [],
            "revision": 1,
            "tags": {},
            "task_role_arn": "arn:aws:iam::054642084504:role/light-us-east-1-task-role",
            "volume": []
          },
          "private": "eyJzY2hlbWFfdmVyc2lvbiI6IjEifQ==",
          "dependencies": [
            "aws_iam_role.task-execution-role",
            "aws_iam_role.task-role"
          ]
        }
      ]
    },
    {
      "mode": "managed",
      "type": "aws_eip",
      "name": "nat",
      "provider": "provider[\"registry.terraform.io/hashicorp/aws\"]",
      "instances": [
        {
          "schema_version": 0,
          "attributes": {
            "allocation_id": null,
            "associate_with_private_ip": null,
            "association_id": "eipassoc-0a8e043e063031930",
            "customer_owned_ip": "",
            "customer_owned_ipv4_pool": "",
            "domain": "vpc",
            "id": "eipalloc-07bb99335ec6b659e",
            "instance": "",
            "network_border_group": "us-east-1",
            "network_interface": "eni-071ee686c20a08305",
            "private_dns": "ip-10-200-3-49.ec2.internal",
            "private_ip": "10.200.3.49",
            "public_dns": "ec2-54-146-35-79.compute-1.amazonaws.com",
            "public_ip": "54.146.35.79",
            "public_ipv4_pool": "amazon",
            "tags": {},
            "timeouts": null,
            "vpc": true
          },
          "private": "eyJlMmJmYjczMC1lY2FhLTExZTYtOGY4OC0zNDM2M2JjN2M0YzAiOnsiZGVsZXRlIjoxODAwMDAwMDAwMDAsInJlYWQiOjkwMDAwMDAwMDAwMCwidXBkYXRlIjozMDAwMDAwMDAwMDB9fQ=="
        }
      ]
    },
    {
      "mode": "managed",
      "type": "aws_iam_instance_profile",
      "name": "test-profile",
      "provider": "provider[\"registry.terraform.io/hashicorp/aws\"]",
      "instances": [
        {
          "schema_version": 0,
          "attributes": {
            "arn": "arn:aws:iam::054642084504:instance-profile/light-us-east-1-test-profile",
            "create_date": "2021-01-25T21:51:37Z",
            "id": "light-us-east-1-test-profile",
            "name": "light-us-east-1-test-profile",
            "name_prefix": null,
            "path": "/",
            "role": "light-us-east-1-ec2-role",
            "unique_id": "AIPAQZOHMBKMBL6SKZCIP"
          },
          "private": "bnVsbA==",
          "dependencies": [
            "aws_iam_role.ec2-role"
          ],
          "create_before_destroy": true
        }
      ]
    },
    {
      "mode": "managed",
      "type": "aws_iam_policy",
      "name": "ec2-policy",
      "provider": "provider[\"registry.terraform.io/hashicorp/aws\"]",
      "instances": [
        {
          "schema_version": 0,
          "attributes": {
            "arn": "arn:aws:iam::054642084504:policy/light-us-east-1-ec2-policy",
            "description": "My test policy",
            "id": "arn:aws:iam::054642084504:policy/light-us-east-1-ec2-policy",
            "name": "light-us-east-1-ec2-policy",
            "name_prefix": null,
            "path": "/",
            "policy": "{\n  \"Version\": \"2012-10-17\",\n  \"Statement\": [\n    {\n      \"Effect\": \"Allow\",\n      \"Action\": [\n        \"ec2:DescribeTags\",\n        \"ecs:CreateCluster\",\n        \"ecs:DeregisterContainerInstance\",\n        \"ecs:DiscoverPollEndpoint\",\n        \"ecs:Poll\",\n        \"ecs:RegisterContainerInstance\",\n        \"ecs:StartTelemetrySession\",\n        \"ecs:UpdateContainerInstancesState\",\n        \"ecs:Submit*\",\n        \"ecr:GetAuthorizationToken\",\n        \"ecr:BatchCheckLayerAvailability\",\n        \"ecr:GetDownloadUrlForLayer\",\n        \"ecr:GetRepositoryPolicy\",\n        \"ecr:DescribeRepositories\",\n        \"ecr:ListImages\",\n        \"ecr:DescribeImages\",\n        \"ecr:BatchGetImage\",\n        \"ecr:GetLifecyclePolicy\",\n        \"ecr:GetLifecyclePolicyPreview\",\n        \"ecr:ListTagsForResource\",\n        \"ecr:DescribeImageScanFindings\",\n        \"ecr:CompleteLayerUpload\",\n        \"logs:CreateLogStream\",\n        \"logs:PutLogEvents\"\n      ],\n      \"Resource\": \"*\"\n    }\n  ]\n}\n"
          },
          "private": "bnVsbA=="
        }
      ]
    },
    {
      "mode": "managed",
      "type": "aws_iam_policy",
      "name": "task-execution-policy",
      "provider": "provider[\"registry.terraform.io/hashicorp/aws\"]",
      "instances": [
        {
          "schema_version": 0,
          "attributes": {
            "arn": "arn:aws:iam::054642084504:policy/light-us-east-1-task-execution-policy",
            "description": "My test policy",
            "id": "arn:aws:iam::054642084504:policy/light-us-east-1-task-execution-policy",
            "name": "light-us-east-1-task-execution-policy",
            "name_prefix": null,
            "path": "/",
            "policy": "{\n  \"Version\": \"2012-10-17\",\n  \"Statement\": [\n    {\n      \"Effect\": \"Allow\",\n      \"Action\": [\n        \"logs:CreateLogStream\",\n        \"logs:PutLogEvents\",\n        \"logs:CreateLogGroup\",\n        \"ecr:GetAuthorizationToken\",\n        \"ecr:BatchCheckLayerAvailability\",\n        \"ecr:GetDownloadUrlForLayer\",\n        \"ecr:GetRepositoryPolicy\",\n        \"ecr:DescribeRepositories\",\n        \"ecr:ListImages\",\n        \"ecr:DescribeImages\",\n        \"ecr:BatchGetImage\",\n        \"ecr:GetLifecyclePolicy\",\n        \"ecr:GetLifecyclePolicyPreview\",\n        \"ecr:ListTagsForResource\",\n        \"ecr:DescribeImageScanFindings\",\n        \"ecr:GetAuthorizationToken\"\n      ],\n      \"Resource\": \"*\"\n    }\n  ]\n}\n"
          },
          "private": "bnVsbA=="
        }
      ]
    },
    {
      "mode": "managed",
      "type": "aws_iam_policy",
      "name": "task-policy",
      "provider": "provider[\"registry.terraform.io/hashicorp/aws\"]",
      "instances": [
        {
          "schema_version": 0,
          "attributes": {
            "arn": "arn:aws:iam::054642084504:policy/light-us-east-1-task-policy",
            "description": "My test policy",
            "id": "arn:aws:iam::054642084504:policy/light-us-east-1-task-policy",
            "name": "light-us-east-1-task-policy",
            "name_prefix": null,
            "path": "/",
            "policy": "{\n  \"Version\": \"2012-10-17\",\n  \"Statement\": [\n    {\n      \"Action\": [\n        \"logs:*\"\n      ],\n      \"Effect\": \"Allow\",\n      \"Resource\": \"*\"\n    }\n  ]\n}\n"
          },
          "private": "bnVsbA=="
        }
      ]
    },
    {
      "mode": "managed",
      "type": "aws_iam_policy_attachment",
      "name": "ecs-logs",
      "provider": "provider[\"registry.terraform.io/hashicorp/aws\"]",
      "instances": [
        {
          "schema_version": 0,
          "attributes": {
            "groups": [],
            "id": "light-us-east-1-ecs-logs",
            "name": "light-us-east-1-ecs-logs",
            "policy_arn": "arn:aws:iam::054642084504:policy/light-us-east-1-task-policy",
            "roles": [
              "light-us-east-1-task-role"
            ],
            "users": []
          },
          "private": "bnVsbA==",
          "dependencies": [
            "aws_iam_policy.task-policy",
            "aws_iam_role.task-role"
          ]
        }
      ]
    },
    {
      "mode": "managed",
      "type": "aws_iam_role",
      "name": "ec2-role",
      "provider": "provider[\"registry.terraform.io/hashicorp/aws\"]",
      "instances": [
        {
          "schema_version": 0,
          "attributes": {
            "arn": "arn:aws:iam::054642084504:role/light-us-east-1-ec2-role",
            "assume_role_policy": "{\"Version\":\"2012-10-17\",\"Statement\":[{\"Sid\":\"\",\"Effect\":\"Allow\",\"Principal\":{\"Service\":\"ec2.amazonaws.com\"},\"Action\":\"sts:AssumeRole\"}]}",
            "create_date": "2021-01-25T21:51:36Z",
            "description": "",
            "force_detach_policies": false,
            "id": "light-us-east-1-ec2-role",
            "max_session_duration": 3600,
            "name": "light-us-east-1-ec2-role",
            "name_prefix": null,
            "path": "/",
            "permissions_boundary": null,
            "tags": {},
            "unique_id": "AROAQZOHMBKMDYFK5LUZ4"
          },
          "private": "bnVsbA==",
          "create_before_destroy": true
        }
      ]
    },
    {
      "mode": "managed",
      "type": "aws_iam_role",
      "name": "task-execution-role",
      "provider": "provider[\"registry.terraform.io/hashicorp/aws\"]",
      "instances": [
        {
          "schema_version": 0,
          "attributes": {
            "arn": "arn:aws:iam::054642084504:role/light-us-east-1-task-execution-role",
            "assume_role_policy": "{\"Version\":\"2012-10-17\",\"Statement\":[{\"Sid\":\"\",\"Effect\":\"Allow\",\"Principal\":{\"Service\":\"ecs-tasks.amazonaws.com\"},\"Action\":\"sts:AssumeRole\"}]}",
            "create_date": "2021-01-25T21:53:36Z",
            "description": "",
            "force_detach_policies": false,
            "id": "light-us-east-1-task-execution-role",
            "max_session_duration": 3600,
            "name": "light-us-east-1-task-execution-role",
            "name_prefix": null,
            "path": "/",
            "permissions_boundary": null,
            "tags": {},
            "unique_id": "AROAQZOHMBKMNKH5S26OU"
          },
          "private": "bnVsbA=="
        }
      ]
    },
    {
      "mode": "managed",
      "type": "aws_iam_role",
      "name": "task-role",
      "provider": "provider[\"registry.terraform.io/hashicorp/aws\"]",
      "instances": [
        {
          "schema_version": 0,
          "attributes": {
            "arn": "arn:aws:iam::054642084504:role/light-us-east-1-task-role",
            "assume_role_policy": "{\"Version\":\"2012-10-17\",\"Statement\":[{\"Sid\":\"\",\"Effect\":\"Allow\",\"Principal\":{\"Service\":\"ecs-tasks.amazonaws.com\"},\"Action\":\"sts:AssumeRole\"}]}",
            "create_date": "2021-01-25T21:53:36Z",
            "description": "",
            "force_detach_policies": false,
            "id": "light-us-east-1-task-role",
            "max_session_duration": 3600,
            "name": "light-us-east-1-task-role",
            "name_prefix": null,
            "path": "/",
            "permissions_boundary": null,
            "tags": {},
            "unique_id": "AROAQZOHMBKMJGUTDH72C"
          },
          "private": "bnVsbA=="
        }
      ]
    },
    {
      "mode": "managed",
      "type": "aws_iam_role_policy_attachment",
      "name": "test-attach",
      "provider": "provider[\"registry.terraform.io/hashicorp/aws\"]",
      "instances": [
        {
          "schema_version": 0,
          "attributes": {
            "id": "light-us-east-1-ec2-role-20210125215137191100000001",
            "policy_arn": "arn:aws:iam::054642084504:policy/light-us-east-1-ec2-policy",
            "role": "light-us-east-1-ec2-role"
          },
          "private": "bnVsbA==",
          "dependencies": [
            "aws_iam_policy.ec2-policy",
            "aws_iam_role.ec2-role"
          ]
        }
      ]
    },
    {
      "mode": "managed",
      "type": "aws_iam_role_policy_attachment",
      "name": "test-attach2",
      "provider": "provider[\"registry.terraform.io/hashicorp/aws\"]",
      "instances": [
        {
          "schema_version": 0,
          "attributes": {
            "id": "light-us-east-1-task-execution-role-20210125215335978400000002",
            "policy_arn": "arn:aws:iam::054642084504:policy/light-us-east-1-task-execution-policy",
            "role": "light-us-east-1-task-execution-role"
          },
          "private": "bnVsbA==",
          "dependencies": [
            "aws_iam_policy.task-execution-policy",
            "aws_iam_role.task-execution-role"
          ]
        }
      ]
    },
    {
      "mode": "managed",
      "type": "aws_internet_gateway",
      "name": "ig",
      "provider": "provider[\"registry.terraform.io/hashicorp/aws\"]",
      "instances": [
        {
          "schema_version": 0,
          "attributes": {
            "arn": "arn:aws:ec2:us-east-1:054642084504:internet-gateway/igw-0a499d72605eee4d7",
            "id": "igw-0a499d72605eee4d7",
            "owner_id": "054642084504",
            "tags": {
              "Name": "light-us-east-1-ig"
            },
            "vpc_id": "vpc-037351ef0293b9a82"
          },
          "private": "bnVsbA==",
          "dependencies": [
            "aws_vpc.main"
          ]
        }
      ]
    },
    {
      "mode": "managed",
      "type": "aws_launch_configuration",
      "name": "as_conf",
      "provider": "provider[\"registry.terraform.io/hashicorp/aws\"]",
      "instances": [
        {
          "schema_version": 0,
          "attributes": {
            "arn": "arn:aws:autoscaling:us-east-1:054642084504:launchConfiguration:d56dfa9a-7eef-4732-bdce-5cf9425439a3:launchConfigurationName/light-us-east-1-as_conf",
            "associate_public_ip_address": true,
            "ebs_block_device": [],
            "ebs_optimized": false,
            "enable_monitoring": true,
            "ephemeral_block_device": [],
            "iam_instance_profile": "arn:aws:iam::054642084504:instance-profile/light-us-east-1-test-profile",
            "id": "light-us-east-1-as_conf",
            "image_id": "ami-0f06fc190dd71269e",
            "instance_type": "t2.micro",
            "key_name": "",
            "name": "light-us-east-1-as_conf",
            "name_prefix": null,
            "placement_tenancy": null,
            "root_block_device": [],
            "security_groups": [
              "sg-0812daf710b0a2435"
            ],
            "spot_price": "",
            "user_data": "107a46d31a64630976fee40a7598d43fe898ac6e",
            "user_data_base64": null,
            "vpc_classic_link_id": "",
            "vpc_classic_link_security_groups": []
          },
          "private": "bnVsbA==",
          "dependencies": [
            "aws_iam_instance_profile.test-profile",
            "aws_iam_role.ec2-role",
            "aws_security_group.ec2_security_group",
            "aws_security_group.load_balancer_sg",
            "aws_vpc.main"
          ],
          "create_before_destroy": true
        }
      ]
    },
    {
      "mode": "managed",
      "type": "aws_lb",
      "name": "alb",
      "provider": "provider[\"registry.terraform.io/hashicorp/aws\"]",
      "instances": [
        {
          "schema_version": 0,
          "attributes": {
            "access_logs": [
              {
                "bucket": "",
                "enabled": false,
                "prefix": ""
              }
            ],
            "arn": "arn:aws:elasticloadbalancing:us-east-1:054642084504:loadbalancer/app/tf-lb-20210124011518131500000003/2da9f059048e0c44",
            "arn_suffix": "app/tf-lb-20210124011518131500000003/2da9f059048e0c44",
            "customer_owned_ipv4_pool": "",
            "dns_name": "tf-lb-20210124011518131500000003-1266308937.us-east-1.elb.amazonaws.com",
            "drop_invalid_header_fields": false,
            "enable_cross_zone_load_balancing": null,
            "enable_deletion_protection": false,
            "enable_http2": true,
            "id": "arn:aws:elasticloadbalancing:us-east-1:054642084504:loadbalancer/app/tf-lb-20210124011518131500000003/2da9f059048e0c44",
            "idle_timeout": 60,
            "internal": false,
            "ip_address_type": "ipv4",
            "load_balancer_type": "application",
            "name": "tf-lb-20210124011518131500000003",
            "name_prefix": null,
            "security_groups": [
              "sg-098568a9d38ebc68c"
            ],
            "subnet_mapping": [
              {
                "allocation_id": "",
                "outpost_id": "",
                "private_ipv4_address": "",
                "subnet_id": "subnet-07844c5a1edeba14d"
              },
              {
                "allocation_id": "",
                "outpost_id": "",
                "private_ipv4_address": "",
                "subnet_id": "subnet-0af6b887a035d4a38"
              },
              {
                "allocation_id": "",
                "outpost_id": "",
                "private_ipv4_address": "",
                "subnet_id": "subnet-0c69f8f9b47aa9c27"
              }
            ],
            "subnets": [
              "subnet-07844c5a1edeba14d",
              "subnet-0af6b887a035d4a38",
              "subnet-0c69f8f9b47aa9c27"
            ],
            "tags": {
              "name": "light-us-east-1-alb"
            },
            "timeouts": null,
            "vpc_id": "vpc-037351ef0293b9a82",
            "zone_id": "Z35SXDOTRQ7X7K"
          },
          "private": "eyJlMmJmYjczMC1lY2FhLTExZTYtOGY4OC0zNDM2M2JjN2M0YzAiOnsiY3JlYXRlIjo2MDAwMDAwMDAwMDAsImRlbGV0ZSI6NjAwMDAwMDAwMDAwLCJ1cGRhdGUiOjYwMDAwMDAwMDAwMH19",
          "dependencies": [
            "aws_security_group.load_balancer_sg",
            "aws_subnet.public-1",
            "aws_subnet.public-2",
            "aws_subnet.public-3",
            "aws_vpc.main"
          ]
        }
      ]
    },
    {
      "mode": "managed",
      "type": "aws_lb_listener_rule",
      "name": "midnight-rule",
      "provider": "provider[\"registry.terraform.io/hashicorp/aws\"]",
      "instances": []
    },
    {
      "mode": "managed",
      "type": "aws_lb_listener_rule",
      "name": "sunrise-rule",
      "provider": "provider[\"registry.terraform.io/hashicorp/aws\"]",
      "instances": []
    },
    {
      "mode": "managed",
      "type": "aws_lb_target_group",
      "name": "target_group",
      "provider": "provider[\"registry.terraform.io/hashicorp/aws\"]",
      "instances": [
        {
          "schema_version": 0,
          "attributes": {
            "arn": "arn:aws:elasticloadbalancing:us-east-1:054642084504:targetgroup/light-us-east-1-target-group/9fbefed3965265a2",
            "arn_suffix": "targetgroup/light-us-east-1-target-group/9fbefed3965265a2",
            "deregistration_delay": 300,
            "health_check": [
              {
                "enabled": true,
                "healthy_threshold": 2,
                "interval": 31,
                "matcher": "200-304",
                "path": "/",
                "port": "traffic-port",
                "protocol": "HTTP",
                "timeout": 30,
                "unhealthy_threshold": 3
              }
            ],
            "id": "arn:aws:elasticloadbalancing:us-east-1:054642084504:targetgroup/light-us-east-1-target-group/9fbefed3965265a2",
            "lambda_multi_value_headers_enabled": false,
            "load_balancing_algorithm_type": "round_robin",
            "name": "light-us-east-1-target-group",
            "name_prefix": null,
            "port": 3000,
            "protocol": "HTTP",
            "proxy_protocol_v2": false,
            "slow_start": 0,
            "stickiness": [
              {
                "cookie_duration": 86400,
                "enabled": false,
                "type": "lb_cookie"
              }
            ],
            "tags": {
              "name": "light-us-east-1-target-group"
            },
            "target_type": "ip",
            "vpc_id": "vpc-037351ef0293b9a82"
          },
          "private": "bnVsbA==",
          "dependencies": [
            "aws_lb.alb",
            "aws_vpc.main"
          ]
        }
      ]
    },
    {
      "mode": "managed",
      "type": "aws_lb_target_group",
      "name": "target_group2",
      "provider": "provider[\"registry.terraform.io/hashicorp/aws\"]",
      "instances": [
        {
          "schema_version": 0,
          "attributes": {
            "arn": "arn:aws:elasticloadbalancing:us-east-1:054642084504:targetgroup/dark-us-east-1-target-group/1cc8b3238c5feaf3",
            "arn_suffix": "targetgroup/dark-us-east-1-target-group/1cc8b3238c5feaf3",
            "deregistration_delay": 300,
            "health_check": [
              {
                "enabled": true,
                "healthy_threshold": 2,
                "interval": 31,
                "matcher": "200-304",
                "path": "/",
                "port": "traffic-port",
                "protocol": "HTTP",
                "timeout": 30,
                "unhealthy_threshold": 3
              }
            ],
            "id": "arn:aws:elasticloadbalancing:us-east-1:054642084504:targetgroup/dark-us-east-1-target-group/1cc8b3238c5feaf3",
            "lambda_multi_value_headers_enabled": false,
            "load_balancing_algorithm_type": "round_robin",
            "name": "dark-us-east-1-target-group",
            "name_prefix": null,
            "port": 3000,
            "protocol": "HTTP",
            "proxy_protocol_v2": false,
            "slow_start": 0,
            "stickiness": [
              {
                "cookie_duration": 86400,
                "enabled": false,
                "type": "lb_cookie"
              }
            ],
            "tags": {
              "name": "dark-us-east-1-target-group"
            },
            "target_type": "ip",
            "vpc_id": "vpc-037351ef0293b9a82"
          },
          "private": "bnVsbA==",
          "dependencies": [
            "aws_lb.alb",
            "aws_vpc.main"
          ]
        }
      ]
    },
    {
      "mode": "managed",
      "type": "aws_nat_gateway",
      "name": "nat-gw",
      "provider": "provider[\"registry.terraform.io/hashicorp/aws\"]",
      "instances": [
        {
          "schema_version": 0,
          "attributes": {
            "allocation_id": "eipalloc-07bb99335ec6b659e",
            "id": "nat-096519cf34c8ee612",
            "network_interface_id": "eni-071ee686c20a08305",
            "private_ip": "10.200.3.49",
            "public_ip": "54.146.35.79",
            "subnet_id": "subnet-07844c5a1edeba14d",
            "tags": {
              "Name": "light-us-east-1-nst-gw"
            }
          },
          "private": "bnVsbA==",
          "dependencies": [
            "aws_eip.nat",
            "aws_subnet.public-1",
            "aws_vpc.main"
          ]
        }
      ]
    },
    {
      "mode": "managed",
      "type": "aws_route53_record",
      "name": "dawn",
      "provider": "provider[\"registry.terraform.io/hashicorp/aws\"]",
      "instances": [
        {
          "schema_version": 2,
          "attributes": {
            "alias": [
              {
                "evaluate_target_health": false,
                "name": "tf-lb-20210124011518131500000003-1266308937.us-east-1.elb.amazonaws.com",
                "zone_id": "Z35SXDOTRQ7X7K"
              }
            ],
            "allow_overwrite": null,
            "failover_routing_policy": [],
            "fqdn": "dawn.justin.kiastests.com",
            "geolocation_routing_policy": [],
            "health_check_id": "",
            "id": "Z00325031522O9P8IPI0_dawn_A",
            "latency_routing_policy": [],
            "multivalue_answer_routing_policy": null,
            "name": "dawn",
            "records": [],
            "set_identifier": "",
            "ttl": 0,
            "type": "A",
            "weighted_routing_policy": [],
            "zone_id": "Z00325031522O9P8IPI0"
          },
          "private": "eyJzY2hlbWFfdmVyc2lvbiI6IjIifQ==",
          "dependencies": [
            "aws_lb.alb",
            "aws_security_group.load_balancer_sg",
            "aws_subnet.public-1",
            "aws_subnet.public-2",
            "aws_subnet.public-3",
            "aws_vpc.main"
          ]
        }
      ]
    },
    {
      "mode": "managed",
      "type": "aws_route53_record",
      "name": "dusk",
      "provider": "provider[\"registry.terraform.io/hashicorp/aws\"]",
      "instances": [
        {
          "schema_version": 2,
          "attributes": {
            "alias": [
              {
                "evaluate_target_health": false,
                "name": "tf-lb-20210124011518131500000003-1266308937.us-east-1.elb.amazonaws.com",
                "zone_id": "Z35SXDOTRQ7X7K"
              }
            ],
            "allow_overwrite": null,
            "failover_routing_policy": [],
            "fqdn": "dusk.justin.kiastests.com",
            "geolocation_routing_policy": [],
            "health_check_id": "",
            "id": "Z00325031522O9P8IPI0_dusk_A",
            "latency_routing_policy": [],
            "multivalue_answer_routing_policy": null,
            "name": "dusk",
            "records": [],
            "set_identifier": "",
            "ttl": 0,
            "type": "A",
            "weighted_routing_policy": [],
            "zone_id": "Z00325031522O9P8IPI0"
          },
          "private": "eyJzY2hlbWFfdmVyc2lvbiI6IjIifQ==",
          "dependencies": [
            "aws_lb.alb",
            "aws_security_group.load_balancer_sg",
            "aws_subnet.public-1",
            "aws_subnet.public-2",
            "aws_subnet.public-3",
            "aws_vpc.main"
          ]
        }
      ]
    },
    {
      "mode": "managed",
      "type": "aws_route_table",
      "name": "private-rt",
      "provider": "provider[\"registry.terraform.io/hashicorp/aws\"]",
      "instances": [
        {
          "schema_version": 0,
          "attributes": {
            "id": "rtb-04293698bef0fc2c7",
            "owner_id": "054642084504",
            "propagating_vgws": [],
            "route": [
              {
                "cidr_block": "0.0.0.0/0",
                "egress_only_gateway_id": "",
                "gateway_id": "",
                "instance_id": "",
                "ipv6_cidr_block": "",
                "local_gateway_id": "",
                "nat_gateway_id": "nat-096519cf34c8ee612",
                "network_interface_id": "",
                "transit_gateway_id": "",
                "vpc_endpoint_id": "",
                "vpc_peering_connection_id": ""
              }
            ],
            "tags": {
              "Name": "light-us-east-1-private-rt"
            },
            "vpc_id": "vpc-037351ef0293b9a82"
          },
          "private": "bnVsbA==",
          "dependencies": [
            "aws_eip.nat",
            "aws_nat_gateway.nat-gw",
            "aws_subnet.public-1",
            "aws_vpc.main"
          ]
        }
      ]
    },
    {
      "mode": "managed",
      "type": "aws_route_table",
      "name": "public-rt",
      "provider": "provider[\"registry.terraform.io/hashicorp/aws\"]",
      "instances": [
        {
          "schema_version": 0,
          "attributes": {
            "id": "rtb-0d2788f609a4024b7",
            "owner_id": "054642084504",
            "propagating_vgws": [],
            "route": [
              {
                "cidr_block": "0.0.0.0/0",
                "egress_only_gateway_id": "",
                "gateway_id": "igw-0a499d72605eee4d7",
                "instance_id": "",
                "ipv6_cidr_block": "",
                "local_gateway_id": "",
                "nat_gateway_id": "",
                "network_interface_id": "",
                "transit_gateway_id": "",
                "vpc_endpoint_id": "",
                "vpc_peering_connection_id": ""
              }
            ],
            "tags": {
              "Name": "light-us-east-1-public-rt"
            },
            "vpc_id": "vpc-037351ef0293b9a82"
          },
          "private": "bnVsbA==",
          "dependencies": [
            "aws_internet_gateway.ig",
            "aws_vpc.main"
          ]
        }
      ]
    },
    {
      "mode": "managed",
      "type": "aws_route_table_association",
      "name": "rta-private-1",
      "provider": "provider[\"registry.terraform.io/hashicorp/aws\"]",
      "instances": [
        {
          "schema_version": 0,
          "attributes": {
            "gateway_id": null,
            "id": "rtbassoc-0f5f3165decfc7885",
            "route_table_id": "rtb-04293698bef0fc2c7",
            "subnet_id": "subnet-0cb05db2d3a02b6d1"
          },
          "private": "bnVsbA==",
          "dependencies": [
            "aws_eip.nat",
            "aws_nat_gateway.nat-gw",
            "aws_route_table.private-rt",
            "aws_subnet.private-1",
            "aws_subnet.public-1",
            "aws_vpc.main"
          ]
        }
      ]
    },
    {
      "mode": "managed",
      "type": "aws_route_table_association",
      "name": "rta-private-2",
      "provider": "provider[\"registry.terraform.io/hashicorp/aws\"]",
      "instances": [
        {
          "schema_version": 0,
          "attributes": {
            "gateway_id": null,
            "id": "rtbassoc-0ea82a9f864549873",
            "route_table_id": "rtb-04293698bef0fc2c7",
            "subnet_id": "subnet-0ecb74fe85db793f4"
          },
          "private": "bnVsbA==",
          "dependencies": [
            "aws_eip.nat",
            "aws_nat_gateway.nat-gw",
            "aws_route_table.private-rt",
            "aws_subnet.private-2",
            "aws_subnet.public-1",
            "aws_vpc.main"
          ]
        }
      ]
    },
    {
      "mode": "managed",
      "type": "aws_route_table_association",
      "name": "rta-private-3",
      "provider": "provider[\"registry.terraform.io/hashicorp/aws\"]",
      "instances": [
        {
          "schema_version": 0,
          "attributes": {
            "gateway_id": null,
            "id": "rtbassoc-07764c87a09e45310",
            "route_table_id": "rtb-04293698bef0fc2c7",
            "subnet_id": "subnet-08775a435de48855e"
          },
          "private": "bnVsbA==",
          "dependencies": [
            "aws_eip.nat",
            "aws_nat_gateway.nat-gw",
            "aws_route_table.private-rt",
            "aws_subnet.private-3",
            "aws_subnet.public-1",
            "aws_vpc.main"
          ]
        }
      ]
    },
    {
      "mode": "managed",
      "type": "aws_route_table_association",
      "name": "rta-public-1",
      "provider": "provider[\"registry.terraform.io/hashicorp/aws\"]",
      "instances": [
        {
          "schema_version": 0,
          "attributes": {
            "gateway_id": null,
            "id": "rtbassoc-0e04f58ba188a884a",
            "route_table_id": "rtb-0d2788f609a4024b7",
            "subnet_id": "subnet-07844c5a1edeba14d"
          },
          "private": "bnVsbA==",
          "dependencies": [
            "aws_internet_gateway.ig",
            "aws_route_table.public-rt",
            "aws_subnet.public-1",
            "aws_vpc.main"
          ]
        }
      ]
    },
    {
      "mode": "managed",
      "type": "aws_route_table_association",
      "name": "rta-public-2",
      "provider": "provider[\"registry.terraform.io/hashicorp/aws\"]",
      "instances": [
        {
          "schema_version": 0,
          "attributes": {
            "gateway_id": null,
            "id": "rtbassoc-047c45910bf8190f7",
            "route_table_id": "rtb-0d2788f609a4024b7",
            "subnet_id": "subnet-0c69f8f9b47aa9c27"
          },
          "private": "bnVsbA==",
          "dependencies": [
            "aws_internet_gateway.ig",
            "aws_route_table.public-rt",
            "aws_subnet.public-2",
            "aws_vpc.main"
          ]
        }
      ]
    },
    {
      "mode": "managed",
      "type": "aws_route_table_association",
      "name": "rta-public-3",
      "provider": "provider[\"registry.terraform.io/hashicorp/aws\"]",
      "instances": [
        {
          "schema_version": 0,
          "attributes": {
            "gateway_id": null,
            "id": "rtbassoc-0f8bff7e93cdd0d42",
            "route_table_id": "rtb-0d2788f609a4024b7",
            "subnet_id": "subnet-0af6b887a035d4a38"
          },
          "private": "bnVsbA==",
          "dependencies": [
            "aws_internet_gateway.ig",
            "aws_route_table.public-rt",
            "aws_subnet.public-3",
            "aws_vpc.main"
          ]
        }
      ]
    },
    {
      "mode": "managed",
      "type": "aws_security_group",
      "name": "ECS_security_sg",
      "provider": "provider[\"registry.terraform.io/hashicorp/aws\"]",
      "instances": [
        {
          "schema_version": 1,
          "attributes": {
            "arn": "arn:aws:ec2:us-east-1:054642084504:security-group/sg-0b9f3fafc1d57a552",
            "description": "Allow internet traffic",
            "egress": [
              {
                "cidr_blocks": [
                  "0.0.0.0/0"
                ],
                "description": "allow all",
                "from_port": 0,
                "ipv6_cidr_blocks": [],
                "prefix_list_ids": [],
                "protocol": "-1",
                "security_groups": [],
                "self": false,
                "to_port": 0
              }
            ],
            "id": "sg-0b9f3fafc1d57a552",
            "ingress": [
              {
                "cidr_blocks": [],
                "description": "allow traffic from load balancer",
                "from_port": 0,
                "ipv6_cidr_blocks": [],
                "prefix_list_ids": [],
                "protocol": "-1",
                "security_groups": [
                  "sg-098568a9d38ebc68c"
                ],
                "self": false,
                "to_port": 0
              }
            ],
            "name": "terraform-20210124011517985400000002",
            "name_prefix": "",
            "owner_id": "054642084504",
            "revoke_rules_on_delete": false,
            "tags": {
              "Name": "light-us-east-1-allow-all-traffic"
            },
            "timeouts": null,
            "vpc_id": "vpc-037351ef0293b9a82"
          },
          "private": "eyJlMmJmYjczMC1lY2FhLTExZTYtOGY4OC0zNDM2M2JjN2M0YzAiOnsiY3JlYXRlIjo2MDAwMDAwMDAwMDAsImRlbGV0ZSI6NjAwMDAwMDAwMDAwfSwic2NoZW1hX3ZlcnNpb24iOiIxIn0=",
          "dependencies": [
            "aws_security_group.load_balancer_sg",
            "aws_vpc.main"
          ]
        }
      ]
    },
    {
      "mode": "managed",
      "type": "aws_security_group",
      "name": "ec2_security_group",
      "provider": "provider[\"registry.terraform.io/hashicorp/aws\"]",
      "instances": [
        {
          "schema_version": 1,
          "attributes": {
            "arn": "arn:aws:ec2:us-east-1:054642084504:security-group/sg-0812daf710b0a2435",
            "description": "Allow internet traffic",
            "egress": [
              {
                "cidr_blocks": [
                  "0.0.0.0/0"
                ],
                "description": "allow all",
                "from_port": 0,
                "ipv6_cidr_blocks": [],
                "prefix_list_ids": [],
                "protocol": "-1",
                "security_groups": [],
                "self": false,
                "to_port": 0
              }
            ],
            "id": "sg-0812daf710b0a2435",
            "ingress": [
              {
                "cidr_blocks": [],
                "description": "allow internet traffic",
                "from_port": 0,
                "ipv6_cidr_blocks": [],
                "prefix_list_ids": [],
                "protocol": "-1",
                "security_groups": [
                  "sg-098568a9d38ebc68c"
                ],
                "self": false,
                "to_port": 0
              }
            ],
            "name": "terraform-20210123180557376200000004",
            "name_prefix": "",
            "owner_id": "054642084504",
            "revoke_rules_on_delete": false,
            "tags": {
              "Name": "light-us-east-1-allow-all-traffic"
            },
            "timeouts": null,
            "vpc_id": "vpc-037351ef0293b9a82"
          },
          "private": "eyJlMmJmYjczMC1lY2FhLTExZTYtOGY4OC0zNDM2M2JjN2M0YzAiOnsiY3JlYXRlIjo2MDAwMDAwMDAwMDAsImRlbGV0ZSI6NjAwMDAwMDAwMDAwfSwic2NoZW1hX3ZlcnNpb24iOiIxIn0=",
          "dependencies": [
            "aws_security_group.load_balancer_sg",
            "aws_vpc.main"
          ],
          "create_before_destroy": true
        }
      ]
    },
    {
      "mode": "managed",
      "type": "aws_security_group",
      "name": "load_balancer_sg",
      "provider": "provider[\"registry.terraform.io/hashicorp/aws\"]",
      "instances": [
        {
          "schema_version": 1,
          "attributes": {
            "arn": "arn:aws:ec2:us-east-1:054642084504:security-group/sg-098568a9d38ebc68c",
            "description": "Allow internet traffic",
            "egress": [
              {
                "cidr_blocks": [
                  "0.0.0.0/0"
                ],
                "description": "allow all",
                "from_port": 0,
                "ipv6_cidr_blocks": [],
                "prefix_list_ids": [],
                "protocol": "-1",
                "security_groups": [],
                "self": false,
                "to_port": 0
              }
            ],
            "id": "sg-098568a9d38ebc68c",
            "ingress": [
              {
                "cidr_blocks": [
                  "0.0.0.0/0"
                ],
                "description": "allow traffic from public instances sg",
                "from_port": 443,
                "ipv6_cidr_blocks": [],
                "prefix_list_ids": [],
                "protocol": "tcp",
                "security_groups": [],
                "self": false,
                "to_port": 443
              },
              {
                "cidr_blocks": [
                  "0.0.0.0/0"
                ],
                "description": "allow traffic from public instances sg",
                "from_port": 80,
                "ipv6_cidr_blocks": [],
                "prefix_list_ids": [],
                "protocol": "tcp",
                "security_groups": [],
                "self": false,
                "to_port": 80
              }
            ],
            "name": "terraform-20210123180555119700000003",
            "name_prefix": "",
            "owner_id": "054642084504",
            "revoke_rules_on_delete": false,
            "tags": {},
            "timeouts": null,
            "vpc_id": "vpc-037351ef0293b9a82"
          },
          "private": "eyJlMmJmYjczMC1lY2FhLTExZTYtOGY4OC0zNDM2M2JjN2M0YzAiOnsiY3JlYXRlIjo2MDAwMDAwMDAwMDAsImRlbGV0ZSI6NjAwMDAwMDAwMDAwfSwic2NoZW1hX3ZlcnNpb24iOiIxIn0=",
          "dependencies": [
            "aws_vpc.main"
          ],
          "create_before_destroy": true
        }
      ]
    },
    {
      "mode": "managed",
      "type": "aws_subnet",
      "name": "private-1",
      "provider": "provider[\"registry.terraform.io/hashicorp/aws\"]",
      "instances": [
        {
          "schema_version": 1,
          "attributes": {
            "arn": "arn:aws:ec2:us-east-1:054642084504:subnet/subnet-0cb05db2d3a02b6d1",
            "assign_ipv6_address_on_creation": false,
            "availability_zone": "us-east-1a",
            "availability_zone_id": "use1-az4",
            "cidr_block": "10.200.2.0/24",
            "id": "subnet-0cb05db2d3a02b6d1",
            "ipv6_cidr_block": "",
            "ipv6_cidr_block_association_id": "",
            "map_public_ip_on_launch": false,
            "outpost_arn": "",
            "owner_id": "054642084504",
            "tags": {
              "Name": "light-us-east-1-private-1"
            },
            "timeouts": null,
            "vpc_id": "vpc-037351ef0293b9a82"
          },
          "private": "eyJlMmJmYjczMC1lY2FhLTExZTYtOGY4OC0zNDM2M2JjN2M0YzAiOnsiY3JlYXRlIjo2MDAwMDAwMDAwMDAsImRlbGV0ZSI6MTIwMDAwMDAwMDAwMH0sInNjaGVtYV92ZXJzaW9uIjoiMSJ9",
          "dependencies": [
            "aws_vpc.main"
          ]
        }
      ]
    },
    {
      "mode": "managed",
      "type": "aws_subnet",
      "name": "private-2",
      "provider": "provider[\"registry.terraform.io/hashicorp/aws\"]",
      "instances": [
        {
          "schema_version": 1,
          "attributes": {
            "arn": "arn:aws:ec2:us-east-1:054642084504:subnet/subnet-0ecb74fe85db793f4",
            "assign_ipv6_address_on_creation": false,
            "availability_zone": "us-east-1b",
            "availability_zone_id": "use1-az6",
            "cidr_block": "10.200.5.0/24",
            "id": "subnet-0ecb74fe85db793f4",
            "ipv6_cidr_block": "",
            "ipv6_cidr_block_association_id": "",
            "map_public_ip_on_launch": false,
            "outpost_arn": "",
            "owner_id": "054642084504",
            "tags": {
              "Name": "light-us-east-1-private-2"
            },
            "timeouts": null,
            "vpc_id": "vpc-037351ef0293b9a82"
          },
          "private": "eyJlMmJmYjczMC1lY2FhLTExZTYtOGY4OC0zNDM2M2JjN2M0YzAiOnsiY3JlYXRlIjo2MDAwMDAwMDAwMDAsImRlbGV0ZSI6MTIwMDAwMDAwMDAwMH0sInNjaGVtYV92ZXJzaW9uIjoiMSJ9",
          "dependencies": [
            "aws_vpc.main"
          ]
        }
      ]
    },
    {
      "mode": "managed",
      "type": "aws_subnet",
      "name": "private-3",
      "provider": "provider[\"registry.terraform.io/hashicorp/aws\"]",
      "instances": [
        {
          "schema_version": 1,
          "attributes": {
            "arn": "arn:aws:ec2:us-east-1:054642084504:subnet/subnet-08775a435de48855e",
            "assign_ipv6_address_on_creation": false,
            "availability_zone": "us-east-1c",
            "availability_zone_id": "use1-az1",
            "cidr_block": "10.200.6.0/24",
            "id": "subnet-08775a435de48855e",
            "ipv6_cidr_block": "",
            "ipv6_cidr_block_association_id": "",
            "map_public_ip_on_launch": false,
            "outpost_arn": "",
            "owner_id": "054642084504",
            "tags": {
              "Name": "light-us-east-1-private-3"
            },
            "timeouts": null,
            "vpc_id": "vpc-037351ef0293b9a82"
          },
          "private": "eyJlMmJmYjczMC1lY2FhLTExZTYtOGY4OC0zNDM2M2JjN2M0YzAiOnsiY3JlYXRlIjo2MDAwMDAwMDAwMDAsImRlbGV0ZSI6MTIwMDAwMDAwMDAwMH0sInNjaGVtYV92ZXJzaW9uIjoiMSJ9",
          "dependencies": [
            "aws_vpc.main"
          ]
        }
      ]
    },
    {
      "mode": "managed",
      "type": "aws_subnet",
      "name": "public-1",
      "provider": "provider[\"registry.terraform.io/hashicorp/aws\"]",
      "instances": [
        {
          "schema_version": 1,
          "attributes": {
            "arn": "arn:aws:ec2:us-east-1:054642084504:subnet/subnet-07844c5a1edeba14d",
            "assign_ipv6_address_on_creation": false,
            "availability_zone": "us-east-1a",
            "availability_zone_id": "use1-az4",
            "cidr_block": "10.200.3.0/24",
            "id": "subnet-07844c5a1edeba14d",
            "ipv6_cidr_block": "",
            "ipv6_cidr_block_association_id": "",
            "map_public_ip_on_launch": false,
            "outpost_arn": "",
            "owner_id": "054642084504",
            "tags": {
              "Name": "light-us-east-1-public-1"
            },
            "timeouts": null,
            "vpc_id": "vpc-037351ef0293b9a82"
          },
          "private": "eyJlMmJmYjczMC1lY2FhLTExZTYtOGY4OC0zNDM2M2JjN2M0YzAiOnsiY3JlYXRlIjo2MDAwMDAwMDAwMDAsImRlbGV0ZSI6MTIwMDAwMDAwMDAwMH0sInNjaGVtYV92ZXJzaW9uIjoiMSJ9",
          "dependencies": [
            "aws_vpc.main"
          ]
        }
      ]
    },
    {
      "mode": "managed",
      "type": "aws_subnet",
      "name": "public-2",
      "provider": "provider[\"registry.terraform.io/hashicorp/aws\"]",
      "instances": [
        {
          "schema_version": 1,
          "attributes": {
            "arn": "arn:aws:ec2:us-east-1:054642084504:subnet/subnet-0c69f8f9b47aa9c27",
            "assign_ipv6_address_on_creation": false,
            "availability_zone": "us-east-1b",
            "availability_zone_id": "use1-az6",
            "cidr_block": "10.200.1.0/24",
            "id": "subnet-0c69f8f9b47aa9c27",
            "ipv6_cidr_block": "",
            "ipv6_cidr_block_association_id": "",
            "map_public_ip_on_launch": false,
            "outpost_arn": "",
            "owner_id": "054642084504",
            "tags": {
              "Name": "light-us-east-1-public-2"
            },
            "timeouts": null,
            "vpc_id": "vpc-037351ef0293b9a82"
          },
          "private": "eyJlMmJmYjczMC1lY2FhLTExZTYtOGY4OC0zNDM2M2JjN2M0YzAiOnsiY3JlYXRlIjo2MDAwMDAwMDAwMDAsImRlbGV0ZSI6MTIwMDAwMDAwMDAwMH0sInNjaGVtYV92ZXJzaW9uIjoiMSJ9",
          "dependencies": [
            "aws_vpc.main"
          ]
        }
      ]
    },
    {
      "mode": "managed",
      "type": "aws_subnet",
      "name": "public-3",
      "provider": "provider[\"registry.terraform.io/hashicorp/aws\"]",
      "instances": [
        {
          "schema_version": 1,
          "attributes": {
            "arn": "arn:aws:ec2:us-east-1:054642084504:subnet/subnet-0af6b887a035d4a38",
            "assign_ipv6_address_on_creation": false,
            "availability_zone": "us-east-1c",
            "availability_zone_id": "use1-az1",
            "cidr_block": "10.200.4.0/24",
            "id": "subnet-0af6b887a035d4a38",
            "ipv6_cidr_block": "",
            "ipv6_cidr_block_association_id": "",
            "map_public_ip_on_launch": false,
            "outpost_arn": "",
            "owner_id": "054642084504",
            "tags": {
              "Name": "light-us-east-1-public-3"
            },
            "timeouts": null,
            "vpc_id": "vpc-037351ef0293b9a82"
          },
          "private": "eyJlMmJmYjczMC1lY2FhLTExZTYtOGY4OC0zNDM2M2JjN2M0YzAiOnsiY3JlYXRlIjo2MDAwMDAwMDAwMDAsImRlbGV0ZSI6MTIwMDAwMDAwMDAwMH0sInNjaGVtYV92ZXJzaW9uIjoiMSJ9",
          "dependencies": [
            "aws_vpc.main"
          ]
        }
      ]
    },
    {
      "mode": "managed",
      "type": "aws_vpc",
      "name": "main",
      "provider": "provider[\"registry.terraform.io/hashicorp/aws\"]",
      "instances": [
        {
          "schema_version": 1,
          "attributes": {
            "arn": "arn:aws:ec2:us-east-1:054642084504:vpc/vpc-037351ef0293b9a82",
            "assign_generated_ipv6_cidr_block": false,
            "cidr_block": "10.200.0.0/16",
            "default_network_acl_id": "acl-022af4da4184bfd78",
            "default_route_table_id": "rtb-019198d5390730d45",
            "default_security_group_id": "sg-013afa7f0b77309a7",
            "dhcp_options_id": "dopt-566fd82c",
            "enable_classiclink": false,
            "enable_classiclink_dns_support": false,
            "enable_dns_hostnames": false,
            "enable_dns_support": true,
            "id": "vpc-037351ef0293b9a82",
            "instance_tenancy": "default",
            "ipv6_association_id": "",
            "ipv6_cidr_block": "",
            "main_route_table_id": "rtb-019198d5390730d45",
            "owner_id": "054642084504",
            "tags": {
              "Name": "light-us-east-1-main"
            }
          },
          "private": "eyJzY2hlbWFfdmVyc2lvbiI6IjEifQ==",
          "create_before_destroy": true
        }
      ]
    }
  ]
}
